
Microsoft Visual Studio Solution File, Format Version 12.00
# Visual Studio Version 16
VisualStudioVersion = 16.0.32228.343
MinimumVisualStudioVersion = 10.0.40219.1
Project("{FAE04EC0-301F-11D3-BF4B-00C04F79EFBC}") = "CLOCKCONTYL", "CLOCKCONTYL.csproj", "{2EADB314-EBF3-4651-A293-4A2BE25F401A}"
EndProject
Project("{9A19103F-16F7-4668-BE54-9A1E7A4F7556}") = "CLOCK", "..\CLOCK\CLOCK.csproj", "{BE039D81-F5B6-4468-9218-12426D8FAE53}"
EndProject
Global
	GlobalSection(SolutionConfigurationPlatforms) = preSolution
		Debug|Any CPU = Debug|Any CPU
		Release|Any CPU = Release|Any CPU
	EndGlobalSection
	GlobalSection(ProjectConfigurationPlatforms) = postSolution
		{2EADB314-EBF3-4651-A293-4A2BE25F401A}.Debug|Any CPU.ActiveCfg = Debug|Any CPU
		{2EADB314-EBF3-4651-A293-4A2BE25F401A}.Debug|Any CPU.Build.0 = Debug|Any CPU
		{2EADB314-EBF3-4651-A293-4A2BE25F401A}.Release|Any CPU.ActiveCfg = Release|Any CPU
		{2EADB314-EBF3-4651-A293-4A2BE25F401A}.Release|Any CPU.Build.0 = Release|Any CPU
		{BE039D81-F5B6-4468-9218-12426D8FAE53}.Debug|Any CPU.ActiveCfg = Debug|Any CPU
		{BE039D81-F5B6-4468-9218-12426D8FAE53}.Debug|Any CPU.Build.0 = Debug|Any CPU
		{BE039D81-F5B6-4468-9218-12426D8FAE53}.Release|Any CPU.ActiveCfg = Release|Any CPU
		{BE039D81-F5B6-4468-9218-12426D8FAE53}.Release|Any CPU.Build.0 = Release|Any CPU
	EndGlobalSection
	GlobalSection(SolutionProperties) = preSolution
		HideSolutionNode = FALSE
	EndGlobalSection
	GlobalSection(ExtensibilityGlobals) = postSolution
		SolutionGuid = {3DC274D5-B21A-441D-BD4F-4F8D8B54A912}
	EndGlobalSection
EndGlobal
